
Microsoft Visual Studio Solution File, Format Version 12.00
# Visual Studio Version 17
VisualStudioVersion = 17.6.33815.320
MinimumVisualStudioVersion = 10.0.40219.1
Project("{FAE04EC0-301F-11D3-BF4B-00C04F79EFBC}") = "ScreenSound", "ScreenSound\ScreenSound.csproj", "{9484DFCF-C800-4005-B3F8-FB85B3DF4CE0}"
EndProject
Global
	GlobalSection(SolutionConfigurationPlatforms) = preSolution
		Debug|Any CPU = Debug|Any CPU
		Release|Any CPU = Release|Any CPU
	EndGlobalSection
	GlobalSection(ProjectConfigurationPlatforms) = postSolution
		{9484DFCF-C800-4005-B3F8-FB85B3DF4CE0}.Debug|Any CPU.ActiveCfg = Debug|Any CPU
		{9484DFCF-C800-4005-B3F8-FB85B3DF4CE0}.Debug|Any CPU.Build.0 = Debug|Any CPU
		{9484DFCF-C800-4005-B3F8-FB85B3DF4CE0}.Release|Any CPU.ActiveCfg = Release|Any CPU
		{9484DFCF-C800-4005-B3F8-FB85B3DF4CE0}.Release|Any CPU.Build.0 = Release|Any CPU
	EndGlobalSection
	GlobalSection(SolutionProperties) = preSolution
		HideSolutionNode = FALSE
	EndGlobalSection
	GlobalSection(ExtensibilityGlobals) = postSolution
		SolutionGuid = {6DBCB23C-58D8-4D42-99D9-EBDCFE27E526}
	EndGlobalSection
EndGlobal
